
Microsoft Visual Studio Solution File, Format Version 12.00
# Visual Studio Version 16
VisualStudioVersion = 16.0.30320.27
MinimumVisualStudioVersion = 10.0.40219.1
Project("{FAE04EC0-301F-11D3-BF4B-00C04F79EFBC}") = "WingtipToys", "WingtipToys\WingtipToys.csproj", "{FF64E75E-EB34-497D-ADF8-CCB7EB2C04C6}"
EndProject
Project("{FAE04EC0-301F-11D3-BF4B-00C04F79EFBC}") = "StudentManagement", "StudentManagement\StudentManagement.csproj", "{CB3E2729-70E4-4CB1-827C-553C827CFDDB}"
EndProject
Project("{FAE04EC0-301F-11D3-BF4B-00C04F79EFBC}") = "HelloMVC", "HelloMVC\HelloMVC.csproj", "{74E4E5ED-4233-4E4D-8B1E-1E3AE45B058B}"
EndProject
Project("{FAE04EC0-301F-11D3-BF4B-00C04F79EFBC}") = "BookService", "BookService\BookService.csproj", "{8364D848-30F5-402D-8ABF-CC5D9F4C2531}"
EndProject
Project("{9A19103F-16F7-4668-BE54-9A1E7A4F7556}") = "Shop", "Shop\Shop.csproj", "{09C6B53C-9CEC-4584-8861-B5C586FEE192}"
EndProject
Project("{9A19103F-16F7-4668-BE54-9A1E7A4F7556}") = "MediaPlay", "MediaPlay\MediaPlay.csproj", "{F6B6B8B0-564D-42C7-814E-E86B9447F095}"
EndProject
Project("{FAE04EC0-301F-11D3-BF4B-00C04F79EFBC}") = "Practice", "Practice\Practice.csproj", "{E99043A1-F6EA-47F4-A409-C1F21E14E640}"
EndProject
Global
	GlobalSection(SolutionConfigurationPlatforms) = preSolution
		Debug|Any CPU = Debug|Any CPU
		Release|Any CPU = Release|Any CPU
	EndGlobalSection
	GlobalSection(ProjectConfigurationPlatforms) = postSolution
		{FF64E75E-EB34-497D-ADF8-CCB7EB2C04C6}.Debug|Any CPU.ActiveCfg = Debug|Any CPU
		{FF64E75E-EB34-497D-ADF8-CCB7EB2C04C6}.Debug|Any CPU.Build.0 = Debug|Any CPU
		{FF64E75E-EB34-497D-ADF8-CCB7EB2C04C6}.Release|Any CPU.ActiveCfg = Release|Any CPU
		{FF64E75E-EB34-497D-ADF8-CCB7EB2C04C6}.Release|Any CPU.Build.0 = Release|Any CPU
		{CB3E2729-70E4-4CB1-827C-553C827CFDDB}.Debug|Any CPU.ActiveCfg = Debug|Any CPU
		{CB3E2729-70E4-4CB1-827C-553C827CFDDB}.Debug|Any CPU.Build.0 = Debug|Any CPU
		{CB3E2729-70E4-4CB1-827C-553C827CFDDB}.Release|Any CPU.ActiveCfg = Release|Any CPU
		{CB3E2729-70E4-4CB1-827C-553C827CFDDB}.Release|Any CPU.Build.0 = Release|Any CPU
		{74E4E5ED-4233-4E4D-8B1E-1E3AE45B058B}.Debug|Any CPU.ActiveCfg = Debug|Any CPU
		{74E4E5ED-4233-4E4D-8B1E-1E3AE45B058B}.Debug|Any CPU.Build.0 = Debug|Any CPU
		{74E4E5ED-4233-4E4D-8B1E-1E3AE45B058B}.Release|Any CPU.ActiveCfg = Release|Any CPU
		{74E4E5ED-4233-4E4D-8B1E-1E3AE45B058B}.Release|Any CPU.Build.0 = Release|Any CPU
		{8364D848-30F5-402D-8ABF-CC5D9F4C2531}.Debug|Any CPU.ActiveCfg = Debug|Any CPU
		{8364D848-30F5-402D-8ABF-CC5D9F4C2531}.Debug|Any CPU.Build.0 = Debug|Any CPU
		{8364D848-30F5-402D-8ABF-CC5D9F4C2531}.Release|Any CPU.ActiveCfg = Release|Any CPU
		{8364D848-30F5-402D-8ABF-CC5D9F4C2531}.Release|Any CPU.Build.0 = Release|Any CPU
		{09C6B53C-9CEC-4584-8861-B5C586FEE192}.Debug|Any CPU.ActiveCfg = Debug|Any CPU
		{09C6B53C-9CEC-4584-8861-B5C586FEE192}.Debug|Any CPU.Build.0 = Debug|Any CPU
		{09C6B53C-9CEC-4584-8861-B5C586FEE192}.Release|Any CPU.ActiveCfg = Release|Any CPU
		{09C6B53C-9CEC-4584-8861-B5C586FEE192}.Release|Any CPU.Build.0 = Release|Any CPU
		{F6B6B8B0-564D-42C7-814E-E86B9447F095}.Debug|Any CPU.ActiveCfg = Debug|Any CPU
		{F6B6B8B0-564D-42C7-814E-E86B9447F095}.Debug|Any CPU.Build.0 = Debug|Any CPU
		{F6B6B8B0-564D-42C7-814E-E86B9447F095}.Release|Any CPU.ActiveCfg = Release|Any CPU
		{F6B6B8B0-564D-42C7-814E-E86B9447F095}.Release|Any CPU.Build.0 = Release|Any CPU
		{E99043A1-F6EA-47F4-A409-C1F21E14E640}.Debug|Any CPU.ActiveCfg = Debug|Any CPU
		{E99043A1-F6EA-47F4-A409-C1F21E14E640}.Debug|Any CPU.Build.0 = Debug|Any CPU
		{E99043A1-F6EA-47F4-A409-C1F21E14E640}.Release|Any CPU.ActiveCfg = Release|Any CPU
		{E99043A1-F6EA-47F4-A409-C1F21E14E640}.Release|Any CPU.Build.0 = Release|Any CPU
	EndGlobalSection
	GlobalSection(SolutionProperties) = preSolution
		HideSolutionNode = FALSE
	EndGlobalSection
	GlobalSection(ExtensibilityGlobals) = postSolution
		SolutionGuid = {D26BE0A8-21C4-475C-8C32-57ED11C59486}
	EndGlobalSection
EndGlobal
